// !$*UTF8*$!
{
	archiveVersion = 1;
	classes = {
	};
	objectVersion = 52;
	objects = {

/* Begin PBXBuildFile section */
		D615C7802670F1D8002E8A28 /* ShopDetailViewController.swift in Sources */ = {isa = PBXBuildFile; fileRef = D615C77F2670F1D8002E8A28 /* ShopDetailViewController.swift */; };
		D615C7832670F991002E8A28 /* Nuke in Frameworks */ = {isa = PBXBuildFile; productRef = D615C7822670F991002E8A28 /* Nuke */; };
		D615C7852674669F002E8A28 /* SearchShopResult.storyboard in Resources */ = {isa = PBXBuildFile; fileRef = D615C7842674669F002E8A28 /* SearchShopResult.storyboard */; };
		D615C787267466BB002E8A28 /* SearchShopResulrViewController.swift in Sources */ = {isa = PBXBuildFile; fileRef = D615C786267466BB002E8A28 /* SearchShopResulrViewController.swift */; };
		D615C78B26746A1B002E8A28 /* SearchShopResultTableViewCell.swift in Sources */ = {isa = PBXBuildFile; fileRef = D615C78926746A1B002E8A28 /* SearchShopResultTableViewCell.swift */; };
		D615C78C26746A1B002E8A28 /* SearchShopResultTableViewCell.xib in Resources */ = {isa = PBXBuildFile; fileRef = D615C78A26746A1B002E8A28 /* SearchShopResultTableViewCell.xib */; };
		D615C78F267484E5002E8A28 /* ShopDetailTableViewCell.swift in Sources */ = {isa = PBXBuildFile; fileRef = D615C78D267484E5002E8A28 /* ShopDetailTableViewCell.swift */; };
		D615C790267484E5002E8A28 /* ShopDetailTableViewCell.xib in Resources */ = {isa = PBXBuildFile; fileRef = D615C78E267484E5002E8A28 /* ShopDetailTableViewCell.xib */; };
		D615C7992678EFD2002E8A28 /* 簡易仕様書.pdf in Resources */ = {isa = PBXBuildFile; fileRef = D615C7982678EFD2002E8A28 /* 簡易仕様書.pdf */; };
		D6325812266774E600592F55 /* AppDelegate.swift in Sources */ = {isa = PBXBuildFile; fileRef = D6325811266774E600592F55 /* AppDelegate.swift */; };
		D6325814266774E600592F55 /* SceneDelegate.swift in Sources */ = {isa = PBXBuildFile; fileRef = D6325813266774E600592F55 /* SceneDelegate.swift */; };
		D6325816266774E600592F55 /* SearchShopViewController.swift in Sources */ = {isa = PBXBuildFile; fileRef = D6325815266774E600592F55 /* SearchShopViewController.swift */; };
		D6325819266774E600592F55 /* SearchShop.storyboard in Resources */ = {isa = PBXBuildFile; fileRef = D6325817266774E600592F55 /* SearchShop.storyboard */; };
		D632581B266774E800592F55 /* Assets.xcassets in Resources */ = {isa = PBXBuildFile; fileRef = D632581A266774E800592F55 /* Assets.xcassets */; };
		D632581E266774E800592F55 /* LaunchScreen.storyboard in Resources */ = {isa = PBXBuildFile; fileRef = D632581C266774E800592F55 /* LaunchScreen.storyboard */; };
		D697A2042668451D0008CEEA /* API.swift in Sources */ = {isa = PBXBuildFile; fileRef = D697A2032668451D0008CEEA /* API.swift */; };
		D697A208266849DB0008CEEA /* ShopDetail.storyboard in Resources */ = {isa = PBXBuildFile; fileRef = D697A207266849DB0008CEEA /* ShopDetail.storyboard */; };
		D697A20B26684BE40008CEEA /* Alamofire in Frameworks */ = {isa = PBXBuildFile; productRef = D697A20A26684BE40008CEEA /* Alamofire */; };
		D697A2102668CAFC0008CEEA /* ShopData.swift in Sources */ = {isa = PBXBuildFile; fileRef = D697A20F2668CAFC0008CEEA /* ShopData.swift */; };
/* End PBXBuildFile section */

/* Begin PBXFileReference section */
		D615C77F2670F1D8002E8A28 /* ShopDetailViewController.swift */ = {isa = PBXFileReference; lastKnownFileType = sourcecode.swift; path = ShopDetailViewController.swift; sourceTree = "<group>"; };
		D615C7842674669F002E8A28 /* SearchShopResult.storyboard */ = {isa = PBXFileReference; lastKnownFileType = file.storyboard; path = SearchShopResult.storyboard; sourceTree = "<group>"; };
		D615C786267466BB002E8A28 /* SearchShopResulrViewController.swift */ = {isa = PBXFileReference; lastKnownFileType = sourcecode.swift; path = SearchShopResulrViewController.swift; sourceTree = "<group>"; };
		D615C78926746A1B002E8A28 /* SearchShopResultTableViewCell.swift */ = {isa = PBXFileReference; lastKnownFileType = sourcecode.swift; path = SearchShopResultTableViewCell.swift; sourceTree = "<group>"; };
		D615C78A26746A1B002E8A28 /* SearchShopResultTableViewCell.xib */ = {isa = PBXFileReference; lastKnownFileType = file.xib; path = SearchShopResultTableViewCell.xib; sourceTree = "<group>"; };
		D615C78D267484E5002E8A28 /* ShopDetailTableViewCell.swift */ = {isa = PBXFileReference; lastKnownFileType = sourcecode.swift; path = ShopDetailTableViewCell.swift; sourceTree = "<group>"; };
		D615C78E267484E5002E8A28 /* ShopDetailTableViewCell.xib */ = {isa = PBXFileReference; lastKnownFileType = file.xib; path = ShopDetailTableViewCell.xib; sourceTree = "<group>"; };
		D615C7982678EFD2002E8A28 /* 簡易仕様書.pdf */ = {isa = PBXFileReference; lastKnownFileType = image.pdf; path = "簡易仕様書.pdf"; sourceTree = "<group>"; };
		D632580E266774E600592F55 /* RestaurantSearcherApp.app */ = {isa = PBXFileReference; explicitFileType = wrapper.application; includeInIndex = 0; path = RestaurantSearcherApp.app; sourceTree = BUILT_PRODUCTS_DIR; };
		D6325811266774E600592F55 /* AppDelegate.swift */ = {isa = PBXFileReference; lastKnownFileType = sourcecode.swift; path = AppDelegate.swift; sourceTree = "<group>"; };
		D6325813266774E600592F55 /* SceneDelegate.swift */ = {isa = PBXFileReference; lastKnownFileType = sourcecode.swift; path = SceneDelegate.swift; sourceTree = "<group>"; };
		D6325815266774E600592F55 /* SearchShopViewController.swift */ = {isa = PBXFileReference; lastKnownFileType = sourcecode.swift; path = SearchShopViewController.swift; sourceTree = "<group>"; };
		D6325818266774E600592F55 /* Base */ = {isa = PBXFileReference; lastKnownFileType = file.storyboard; name = Base; path = Base.lproj/SearchShop.storyboard; sourceTree = "<group>"; };
		D632581A266774E800592F55 /* Assets.xcassets */ = {isa = PBXFileReference; lastKnownFileType = folder.assetcatalog; path = Assets.xcassets; sourceTree = "<group>"; };
		D632581D266774E800592F55 /* Base */ = {isa = PBXFileReference; lastKnownFileType = file.storyboard; name = Base; path = Base.lproj/LaunchScreen.storyboard; sourceTree = "<group>"; };
		D632581F266774E800592F55 /* Info.plist */ = {isa = PBXFileReference; lastKnownFileType = text.plist.xml; path = Info.plist; sourceTree = "<group>"; };
		D697A2032668451D0008CEEA /* API.swift */ = {isa = PBXFileReference; lastKnownFileType = sourcecode.swift; path = API.swift; sourceTree = "<group>"; };
		D697A207266849DB0008CEEA /* ShopDetail.storyboard */ = {isa = PBXFileReference; lastKnownFileType = file.storyboard; path = ShopDetail.storyboard; sourceTree = "<group>"; };
		D697A20F2668CAFC0008CEEA /* ShopData.swift */ = {isa = PBXFileReference; lastKnownFileType = sourcecode.swift; path = ShopData.swift; sourceTree = "<group>"; };
/* End PBXFileReference section */

/* Begin PBXFrameworksBuildPhase section */
		D632580B266774E600592F55 /* Frameworks */ = {
			isa = PBXFrameworksBuildPhase;
			buildActionMask = 2147483647;
			files = (
				D697A20B26684BE40008CEEA /* Alamofire in Frameworks */,
				D615C7832670F991002E8A28 /* Nuke in Frameworks */,
			);
			runOnlyForDeploymentPostprocessing = 0;
		};
/* End PBXFrameworksBuildPhase section */

/* Begin PBXGroup section */
		D615C7882674686D002E8A28 /* Cell */ = {
			isa = PBXGroup;
			children = (
				D615C78926746A1B002E8A28 /* SearchShopResultTableViewCell.swift */,
				D615C78D267484E5002E8A28 /* ShopDetailTableViewCell.swift */,
			);
			path = Cell;
			sourceTree = "<group>";
		};
		D615C7912674AA63002E8A28 /* Xib */ = {
			isa = PBXGroup;
			children = (
				D615C78A26746A1B002E8A28 /* SearchShopResultTableViewCell.xib */,
				D615C78E267484E5002E8A28 /* ShopDetailTableViewCell.xib */,
			);
			path = Xib;
			sourceTree = "<group>";
		};
		D6325805266774E600592F55 = {
			isa = PBXGroup;
			children = (
				D6325810266774E600592F55 /* RestaurantSearcherApp */,
				D615C7982678EFD2002E8A28 /* 簡易仕様書.pdf */,
				D632580F266774E600592F55 /* Products */,
			);
			sourceTree = "<group>";
		};
		D632580F266774E600592F55 /* Products */ = {
			isa = PBXGroup;
			children = (
				D632580E266774E600592F55 /* RestaurantSearcherApp.app */,
			);
			name = Products;
			sourceTree = "<group>";
		};
		D6325810266774E600592F55 /* RestaurantSearcherApp */ = {
			isa = PBXGroup;
			children = (
				D6325811266774E600592F55 /* AppDelegate.swift */,
				D6325813266774E600592F55 /* SceneDelegate.swift */,
				D615C7882674686D002E8A28 /* Cell */,
				D615C7912674AA63002E8A28 /* Xib */,
				D697A202266844FE0008CEEA /* Model */,
				D697A2062668457D0008CEEA /* ViewControllers */,
				D697A2052668455A0008CEEA /* Storyboard */,
				D632581A266774E800592F55 /* Assets.xcassets */,
				D632581C266774E800592F55 /* LaunchScreen.storyboard */,
				D632581F266774E800592F55 /* Info.plist */,
			);
			path = RestaurantSearcherApp;
			sourceTree = "<group>";
		};
		D697A202266844FE0008CEEA /* Model */ = {
			isa = PBXGroup;
			children = (
				D697A2032668451D0008CEEA /* API.swift */,
				D697A20F2668CAFC0008CEEA /* ShopData.swift */,
			);
			path = Model;
			sourceTree = "<group>";
		};
		D697A2052668455A0008CEEA /* Storyboard */ = {
			isa = PBXGroup;
			children = (
				D6325817266774E600592F55 /* SearchShop.storyboard */,
				D697A207266849DB0008CEEA /* ShopDetail.storyboard */,
				D615C7842674669F002E8A28 /* SearchShopResult.storyboard */,
			);
			path = Storyboard;
			sourceTree = "<group>";
		};
		D697A2062668457D0008CEEA /* ViewControllers */ = {
			isa = PBXGroup;
			children = (
				D6325815266774E600592F55 /* SearchShopViewController.swift */,
				D615C77F2670F1D8002E8A28 /* ShopDetailViewController.swift */,
				D615C786267466BB002E8A28 /* SearchShopResulrViewController.swift */,
			);
			path = ViewControllers;
			sourceTree = "<group>";
		};
/* End PBXGroup section */

/* Begin PBXNativeTarget section */
		D632580D266774E600592F55 /* RestaurantSearcherApp */ = {
			isa = PBXNativeTarget;
			buildConfigurationList = D6325822266774E800592F55 /* Build configuration list for PBXNativeTarget "RestaurantSearcherApp" */;
			buildPhases = (
				D632580A266774E600592F55 /* Sources */,
				D632580B266774E600592F55 /* Frameworks */,
				D632580C266774E600592F55 /* Resources */,
			);
			buildRules = (
			);
			dependencies = (
			);
			name = RestaurantSearcherApp;
			packageProductDependencies = (
				D697A20A26684BE40008CEEA /* Alamofire */,
				D615C7822670F991002E8A28 /* Nuke */,
			);
			productName = RestaurantSercherApp;
			productReference = D632580E266774E600592F55 /* RestaurantSearcherApp.app */;
			productType = "com.apple.product-type.application";
		};
/* End PBXNativeTarget section */

/* Begin PBXProject section */
		D6325806266774E600592F55 /* Project object */ = {
			isa = PBXProject;
			attributes = {
				LastSwiftUpdateCheck = 1250;
				LastUpgradeCheck = 1250;
				TargetAttributes = {
					D632580D266774E600592F55 = {
						CreatedOnToolsVersion = 12.5;
					};
				};
			};
			buildConfigurationList = D6325809266774E600592F55 /* Build configuration list for PBXProject "RestaurantSearcherApp" */;
			compatibilityVersion = "Xcode 9.3";
			developmentRegion = en;
			hasScannedForEncodings = 0;
			knownRegions = (
				en,
				Base,
			);
			mainGroup = D6325805266774E600592F55;
			packageReferences = (
				D697A20926684BE40008CEEA /* XCRemoteSwiftPackageReference "Alamofire" */,
				D615C7812670F991002E8A28 /* XCRemoteSwiftPackageReference "Nuke" */,
			);
			productRefGroup = D632580F266774E600592F55 /* Products */;
			projectDirPath = "";
			projectRoot = "";
			targets = (
				D632580D266774E600592F55 /* RestaurantSearcherApp */,
			);
		};
/* End PBXProject section */

/* Begin PBXResourcesBuildPhase section */
		D632580C266774E600592F55 /* Resources */ = {
			isa = PBXResourcesBuildPhase;
			buildActionMask = 2147483647;
			files = (
				D615C790267484E5002E8A28 /* ShopDetailTableViewCell.xib in Resources */,
				D632581E266774E800592F55 /* LaunchScreen.storyboard in Resources */,
				D615C7992678EFD2002E8A28 /* 簡易仕様書.pdf in Resources */,
				D615C78C26746A1B002E8A28 /* SearchShopResultTableViewCell.xib in Resources */,
				D632581B266774E800592F55 /* Assets.xcassets in Resources */,
				D615C7852674669F002E8A28 /* SearchShopResult.storyboard in Resources */,
				D6325819266774E600592F55 /* SearchShop.storyboard in Resources */,
				D697A208266849DB0008CEEA /* ShopDetail.storyboard in Resources */,
			);
			runOnlyForDeploymentPostprocessing = 0;
		};
/* End PBXResourcesBuildPhase section */

/* Begin PBXSourcesBuildPhase section */
		D632580A266774E600592F55 /* Sources */ = {
			isa = PBXSourcesBuildPhase;
			buildActionMask = 2147483647;
			files = (
				D6325816266774E600592F55 /* SearchShopViewController.swift in Sources */,
				D615C78B26746A1B002E8A28 /* SearchShopResultTableViewCell.swift in Sources */,
				D615C78F267484E5002E8A28 /* ShopDetailTableViewCell.swift in Sources */,
				D6325812266774E600592F55 /* AppDelegate.swift in Sources */,
				D615C787267466BB002E8A28 /* SearchShopResulrViewController.swift in Sources */,
				D697A2042668451D0008CEEA /* API.swift in Sources */,
				D697A2102668CAFC0008CEEA /* ShopData.swift in Sources */,
				D6325814266774E600592F55 /* SceneDelegate.swift in Sources */,
				D615C7802670F1D8002E8A28 /* ShopDetailViewController.swift in Sources */,
			);
			runOnlyForDeploymentPostprocessing = 0;
		};
/* End PBXSourcesBuildPhase section */

/* Begin PBXVariantGroup section */
		D6325817266774E600592F55 /* SearchShop.storyboard */ = {
			isa = PBXVariantGroup;
			children = (
				D6325818266774E600592F55 /* Base */,
			);
			name = SearchShop.storyboard;
			sourceTree = "<group>";
		};
		D632581C266774E800592F55 /* LaunchScreen.storyboard */ = {
			isa = PBXVariantGroup;
			children = (
				D632581D266774E800592F55 /* Base */,
			);
			name = LaunchScreen.storyboard;
			sourceTree = "<group>";
		};
/* End PBXVariantGroup section */

/* Begin XCBuildConfiguration section */
		D6325820266774E800592F55 /* Debug */ = {
			isa = XCBuildConfiguration;
			buildSettings = {
				ALWAYS_SEARCH_USER_PATHS = NO;
				CLANG_ANALYZER_NONNULL = YES;
				CLANG_ANALYZER_NUMBER_OBJECT_CONVERSION = YES_AGGRESSIVE;
				CLANG_CXX_LANGUAGE_STANDARD = "gnu++14";
				CLANG_CXX_LIBRARY = "libc++";
				CLANG_ENABLE_MODULES = YES;
				CLANG_ENABLE_OBJC_ARC = YES;
				CLANG_ENABLE_OBJC_WEAK = YES;
				CLANG_WARN_BLOCK_CAPTURE_AUTORELEASING = YES;
				CLANG_WARN_BOOL_CONVERSION = YES;
				CLANG_WARN_COMMA = YES;
				CLANG_WARN_CONSTANT_CONVERSION = YES;
				CLANG_WARN_DEPRECATED_OBJC_IMPLEMENTATIONS = YES;
				CLANG_WARN_DIRECT_OBJC_ISA_USAGE = YES_ERROR;
				CLANG_WARN_DOCUMENTATION_COMMENTS = YES;
				CLANG_WARN_EMPTY_BODY = YES;
				CLANG_WARN_ENUM_CONVERSION = YES;
				CLANG_WARN_INFINITE_RECURSION = YES;
				CLANG_WARN_INT_CONVERSION = YES;
				CLANG_WARN_NON_LITERAL_NULL_CONVERSION = YES;
				CLANG_WARN_OBJC_IMPLICIT_RETAIN_SELF = YES;
				CLANG_WARN_OBJC_LITERAL_CONVERSION = YES;
				CLANG_WARN_OBJC_ROOT_CLASS = YES_ERROR;
				CLANG_WARN_QUOTED_INCLUDE_IN_FRAMEWORK_HEADER = YES;
				CLANG_WARN_RANGE_LOOP_ANALYSIS = YES;
				CLANG_WARN_STRICT_PROTOTYPES = YES;
				CLANG_WARN_SUSPICIOUS_MOVE = YES;
				CLANG_WARN_UNGUARDED_AVAILABILITY = YES_AGGRESSIVE;
				CLANG_WARN_UNREACHABLE_CODE = YES;
				CLANG_WARN__DUPLICATE_METHOD_MATCH = YES;
				COPY_PHASE_STRIP = NO;
				DEBUG_INFORMATION_FORMAT = dwarf;
				ENABLE_STRICT_OBJC_MSGSEND = YES;
				ENABLE_TESTABILITY = YES;
				GCC_C_LANGUAGE_STANDARD = gnu11;
				GCC_DYNAMIC_NO_PIC = NO;
				GCC_NO_COMMON_BLOCKS = YES;
				GCC_OPTIMIZATION_LEVEL = 0;
				GCC_PREPROCESSOR_DEFINITIONS = (
					"DEBUG=1",
					"$(inherited)",
				);
				GCC_WARN_64_TO_32_BIT_CONVERSION = YES;
				GCC_WARN_ABOUT_RETURN_TYPE = YES_ERROR;
				GCC_WARN_UNDECLARED_SELECTOR = YES;
				GCC_WARN_UNINITIALIZED_AUTOS = YES_AGGRESSIVE;
				GCC_WARN_UNUSED_FUNCTION = YES;
				GCC_WARN_UNUSED_VARIABLE = YES;
				IPHONEOS_DEPLOYMENT_TARGET = 14.5;
				MTL_ENABLE_DEBUG_INFO = INCLUDE_SOURCE;
				MTL_FAST_MATH = YES;
				ONLY_ACTIVE_ARCH = YES;
				SDKROOT = iphoneos;
				SWIFT_ACTIVE_COMPILATION_CONDITIONS = DEBUG;
				SWIFT_OPTIMIZATION_LEVEL = "-Onone";
			};
			name = Debug;
		};
		D6325821266774E800592F55 /* Release */ = {
			isa = XCBuildConfiguration;
			buildSettings = {
				ALWAYS_SEARCH_USER_PATHS = NO;
				CLANG_ANALYZER_NONNULL = YES;
				CLANG_ANALYZER_NUMBER_OBJECT_CONVERSION = YES_AGGRESSIVE;
				CLANG_CXX_LANGUAGE_STANDARD = "gnu++14";
				CLANG_CXX_LIBRARY = "libc++";
				CLANG_ENABLE_MODULES = YES;
				CLANG_ENABLE_OBJC_ARC = YES;
				CLANG_ENABLE_OBJC_WEAK = YES;
				CLANG_WARN_BLOCK_CAPTURE_AUTORELEASING = YES;
				CLANG_WARN_BOOL_CONVERSION = YES;
				CLANG_WARN_COMMA = YES;
				CLANG_WARN_CONSTANT_CONVERSION = YES;
				CLANG_WARN_DEPRECATED_OBJC_IMPLEMENTATIONS = YES;
				CLANG_WARN_DIRECT_OBJC_ISA_USAGE = YES_ERROR;
				CLANG_WARN_DOCUMENTATION_COMMENTS = YES;
				CLANG_WARN_EMPTY_BODY = YES;
				CLANG_WARN_ENUM_CONVERSION = YES;
				CLANG_WARN_INFINITE_RECURSION = YES;
				CLANG_WARN_INT_CONVERSION = YES;
				CLANG_WARN_NON_LITERAL_NULL_CONVERSION = YES;
				CLANG_WARN_OBJC_IMPLICIT_RETAIN_SELF = YES;
				CLANG_WARN_OBJC_LITERAL_CONVERSION = YES;
				CLANG_WARN_OBJC_ROOT_CLASS = YES_ERROR;
				CLANG_WARN_QUOTED_INCLUDE_IN_FRAMEWORK_HEADER = YES;
				CLANG_WARN_RANGE_LOOP_ANALYSIS = YES;
				CLANG_WARN_STRICT_PROTOTYPES = YES;
				CLANG_WARN_SUSPICIOUS_MOVE = YES;
				CLANG_WARN_UNGUARDED_AVAILABILITY = YES_AGGRESSIVE;
				CLANG_WARN_UNREACHABLE_CODE = YES;
				CLANG_WARN__DUPLICATE_METHOD_MATCH = YES;
				COPY_PHASE_STRIP = NO;
				DEBUG_INFORMATION_FORMAT = "dwarf-with-dsym";
				ENABLE_NS_ASSERTIONS = NO;
				ENABLE_STRICT_OBJC_MSGSEND = YES;
				GCC_C_LANGUAGE_STANDARD = gnu11;
				GCC_NO_COMMON_BLOCKS = YES;
				GCC_WARN_64_TO_32_BIT_CONVERSION = YES;
				GCC_WARN_ABOUT_RETURN_TYPE = YES_ERROR;
				GCC_WARN_UNDECLARED_SELECTOR = YES;
				GCC_WARN_UNINITIALIZED_AUTOS = YES_AGGRESSIVE;
				GCC_WARN_UNUSED_FUNCTION = YES;
				GCC_WARN_UNUSED_VARIABLE = YES;
				IPHONEOS_DEPLOYMENT_TARGET = 14.5;
				MTL_ENABLE_DEBUG_INFO = NO;
				MTL_FAST_MATH = YES;
				SDKROOT = iphoneos;
				SWIFT_COMPILATION_MODE = wholemodule;
				SWIFT_OPTIMIZATION_LEVEL = "-O";
				VALIDATE_PRODUCT = YES;
			};
			name = Release;
		};
		D6325823266774E800592F55 /* Debug */ = {
			isa = XCBuildConfiguration;
			buildSettings = {
				ASSETCATALOG_COMPILER_APPICON_NAME = AppIcon;
				ASSETCATALOG_COMPILER_GLOBAL_ACCENT_COLOR_NAME = AccentColor;
				CODE_SIGN_STYLE = Automatic;
				DEVELOPMENT_TEAM = L6Q4H7M3DB;
				INFOPLIST_FILE = RestaurantSearcherApp/Info.plist;
				LD_RUNPATH_SEARCH_PATHS = (
					"$(inherited)",
					"@executable_path/Frameworks",
				);
				PRODUCT_BUNDLE_IDENTIFIER = com.soraproject.RestaurantSearcherApp;
				PRODUCT_NAME = "$(TARGET_NAME)";
				SWIFT_VERSION = 5.0;
				TARGETED_DEVICE_FAMILY = 1;
			};
			name = Debug;
		};
		D6325824266774E800592F55 /* Release */ = {
			isa = XCBuildConfiguration;
			buildSettings = {
				ASSETCATALOG_COMPILER_APPICON_NAME = AppIcon;
				ASSETCATALOG_COMPILER_GLOBAL_ACCENT_COLOR_NAME = AccentColor;
				CODE_SIGN_STYLE = Automatic;
				DEVELOPMENT_TEAM = L6Q4H7M3DB;
				INFOPLIST_FILE = RestaurantSearcherApp/Info.plist;
				LD_RUNPATH_SEARCH_PATHS = (
					"$(inherited)",
					"@executable_path/Frameworks",
				);
				PRODUCT_BUNDLE_IDENTIFIER = com.soraproject.RestaurantSearcherApp;
				PRODUCT_NAME = "$(TARGET_NAME)";
				SWIFT_VERSION = 5.0;
				TARGETED_DEVICE_FAMILY = 1;
			};
			name = Release;
		};
/* End XCBuildConfiguration section */

/* Begin XCConfigurationList section */
		D6325809266774E600592F55 /* Build configuration list for PBXProject "RestaurantSearcherApp" */ = {
			isa = XCConfigurationList;
			buildConfigurations = (
				D6325820266774E800592F55 /* Debug */,
				D6325821266774E800592F55 /* Release */,
			);
			defaultConfigurationIsVisible = 0;
			defaultConfigurationName = Release;
		};
		D6325822266774E800592F55 /* Build configuration list for PBXNativeTarget "RestaurantSearcherApp" */ = {
			isa = XCConfigurationList;
			buildConfigurations = (
				D6325823266774E800592F55 /* Debug */,
				D6325824266774E800592F55 /* Release */,
			);
			defaultConfigurationIsVisible = 0;
			defaultConfigurationName = Release;
		};
/* End XCConfigurationList section */

/* Begin XCRemoteSwiftPackageReference section */
		D615C7812670F991002E8A28 /* XCRemoteSwiftPackageReference "Nuke" */ = {
			isa = XCRemoteSwiftPackageReference;
			repositoryURL = "https://github.com/kean/Nuke";
			requirement = {
				kind = upToNextMajorVersion;
				minimumVersion = 10.2.0;
			};
		};
		D697A20926684BE40008CEEA /* XCRemoteSwiftPackageReference "Alamofire" */ = {
			isa = XCRemoteSwiftPackageReference;
			repositoryURL = "https://github.com/Alamofire/Alamofire";
			requirement = {
				kind = upToNextMajorVersion;
				minimumVersion = 5.4.3;
			};
		};
/* End XCRemoteSwiftPackageReference section */

/* Begin XCSwiftPackageProductDependency section */
		D615C7822670F991002E8A28 /* Nuke */ = {
			isa = XCSwiftPackageProductDependency;
			package = D615C7812670F991002E8A28 /* XCRemoteSwiftPackageReference "Nuke" */;
			productName = Nuke;
		};
		D697A20A26684BE40008CEEA /* Alamofire */ = {
			isa = XCSwiftPackageProductDependency;
			package = D697A20926684BE40008CEEA /* XCRemoteSwiftPackageReference "Alamofire" */;
			productName = Alamofire;
		};
/* End XCSwiftPackageProductDependency section */
	};
	rootObject = D6325806266774E600592F55 /* Project object */;
}
